
Microsoft Visual Studio Solution File, Format Version 12.00
# Visual Studio 15
VisualStudioVersion = 15.0.27703.2035
MinimumVisualStudioVersion = 10.0.40219.1
Project("{9A19103F-16F7-4668-BE54-9A1E7A4F7556}") = "SnakeCase.JsonNet", "SnakeCase.JsonNet\SnakeCase.JsonNet.csproj", "{4946F82F-78BA-40F2-996F-0F9A90B566EF}"
EndProject
Project("{9A19103F-16F7-4668-BE54-9A1E7A4F7556}") = "SnakeCase.JsonNet.Tests", "SnakeCase.JsonNet.Tests\SnakeCase.JsonNet.Tests.csproj", "{55E631E7-FB98-44E9-A5C1-24A22191A1F1}"
EndProject
Project("{FAE04EC0-301F-11D3-BF4B-00C04F79EFBC}") = "SnakeCase.JsonNet.Portable", "SnakeCase.JsonNet.Portable\SnakeCase.JsonNet.Portable.csproj", "{C8DA78D6-A357-4E05-ACF9-5F3158FA335D}"
EndProject
Global
	GlobalSection(SolutionConfigurationPlatforms) = preSolution
		Debug|Any CPU = Debug|Any CPU
		Release|Any CPU = Release|Any CPU
	EndGlobalSection
	GlobalSection(ProjectConfigurationPlatforms) = postSolution
		{4946F82F-78BA-40F2-996F-0F9A90B566EF}.Debug|Any CPU.ActiveCfg = Debug|Any CPU
		{4946F82F-78BA-40F2-996F-0F9A90B566EF}.Debug|Any CPU.Build.0 = Debug|Any CPU
		{4946F82F-78BA-40F2-996F-0F9A90B566EF}.Release|Any CPU.ActiveCfg = Release|Any CPU
		{4946F82F-78BA-40F2-996F-0F9A90B566EF}.Release|Any CPU.Build.0 = Release|Any CPU
		{55E631E7-FB98-44E9-A5C1-24A22191A1F1}.Debug|Any CPU.ActiveCfg = Debug|Any CPU
		{55E631E7-FB98-44E9-A5C1-24A22191A1F1}.Debug|Any CPU.Build.0 = Debug|Any CPU
		{55E631E7-FB98-44E9-A5C1-24A22191A1F1}.Release|Any CPU.ActiveCfg = Release|Any CPU
		{55E631E7-FB98-44E9-A5C1-24A22191A1F1}.Release|Any CPU.Build.0 = Release|Any CPU
		{C8DA78D6-A357-4E05-ACF9-5F3158FA335D}.Debug|Any CPU.ActiveCfg = Debug|Any CPU
		{C8DA78D6-A357-4E05-ACF9-5F3158FA335D}.Debug|Any CPU.Build.0 = Debug|Any CPU
		{C8DA78D6-A357-4E05-ACF9-5F3158FA335D}.Release|Any CPU.ActiveCfg = Release|Any CPU
		{C8DA78D6-A357-4E05-ACF9-5F3158FA335D}.Release|Any CPU.Build.0 = Release|Any CPU
	EndGlobalSection
	GlobalSection(SolutionProperties) = preSolution
		HideSolutionNode = FALSE
	EndGlobalSection
	GlobalSection(ExtensibilityGlobals) = postSolution
		SolutionGuid = {2422FB44-2018-4658-A1E4-6DD2086B357A}
	EndGlobalSection
EndGlobal
